
Microsoft Visual Studio Solution File, Format Version 12.00
# Visual Studio 15
VisualStudioVersion = 15.0.28307.489
MinimumVisualStudioVersion = 10.0.40219.1
Project("{2150E333-8FDC-42A3-9474-1A3956D46DE8}") = "1-Presentacion", "1-Presentacion", "{F6D24094-C09A-4004-A088-74489414195C}"
EndProject
Project("{2150E333-8FDC-42A3-9474-1A3956D46DE8}") = "2-Aplicacion", "2-Aplicacion", "{B2F75B06-BEE1-4234-BDEA-F86D5B9BD563}"
EndProject
Project("{2150E333-8FDC-42A3-9474-1A3956D46DE8}") = "3-Servicio", "3-Servicio", "{0A95EE54-A0A3-438B-A355-20D035C5E0DA}"
EndProject
Project("{2150E333-8FDC-42A3-9474-1A3956D46DE8}") = "4-Dominio", "4-Dominio", "{2958EFD1-3B50-4DB8-9886-FE10C93C81C2}"
EndProject
Project("{2150E333-8FDC-42A3-9474-1A3956D46DE8}") = "5-Infraestructura", "5-Infraestructura", "{5D17DC76-15D0-4262-833F-4886DB77089B}"
EndProject
Project("{9A19103F-16F7-4668-BE54-9A1E7A4F7556}") = "GE.Aplicacion.CadenaConexion", "GE.Aplicacion.CadenaConexion\GE.Aplicacion.CadenaConexion.csproj", "{4AEA8D47-054A-4CD9-86C6-1C5453A6E1A9}"
EndProject
Project("{9A19103F-16F7-4668-BE54-9A1E7A4F7556}") = "GE.Dominio.Base", "GE.Dominio.Base\GE.Dominio.Base.csproj", "{90019021-E6BC-467D-9D84-63F4567E42DD}"
EndProject
Project("{9A19103F-16F7-4668-BE54-9A1E7A4F7556}") = "GE.Dominio.Entity", "GE.Dominio.Entity\GE.Dominio.Entity.csproj", "{9B4865A1-A0F5-460D-8A2B-BF641B3FD837}"
EndProject
Project("{9A19103F-16F7-4668-BE54-9A1E7A4F7556}") = "GE.Repositorio", "GE.Repositorio\GE.Repositorio.csproj", "{F43222C2-DAA3-4483-BFB3-27490919B310}"
EndProject
Project("{9A19103F-16F7-4668-BE54-9A1E7A4F7556}") = "GE.Repositorio.Base", "GE.Repositorio.Base\GE.Repositorio.Base.csproj", "{D3F8762E-7F30-4903-9557-367FDC84D4E6}"
EndProject
Project("{9A19103F-16F7-4668-BE54-9A1E7A4F7556}") = "GE.Infraestructura.Context", "GE.Infraestructura.Context\GE.Infraestructura.Context.csproj", "{D5ECB0E5-75B2-4901-9818-3CB75107FE28}"
EndProject
Project("{9A19103F-16F7-4668-BE54-9A1E7A4F7556}") = "GE.Servicio", "GE.Servicio\GE.Servicio.csproj", "{BD454EC4-03F3-411C-9B2D-664E62F51D66}"
EndProject
Project("{9A19103F-16F7-4668-BE54-9A1E7A4F7556}") = "GE.IServicio", "GE.IServicio\GE.IServicio.csproj", "{2E376EDF-61F9-4735-90B5-82815ED5516A}"
EndProject
Project("{9A19103F-16F7-4668-BE54-9A1E7A4F7556}") = "GE.Dominio.Repositorio", "GE.Dominio.Repositorio\GE.Dominio.Repositorio.csproj", "{C66CF742-9D45-4605-8CA0-0C37BE44B550}"
EndProject
Project("{9A19103F-16F7-4668-BE54-9A1E7A4F7556}") = "GE.Infraestructura.Repositorio", "GE.Infraestructura.Repositorio\GE.Infraestructura.Repositorio.csproj", "{27C6D855-DCE8-4102-B4A4-681862934D99}"
EndProject
Project("{9A19103F-16F7-4668-BE54-9A1E7A4F7556}") = "GE.Servicio.Base", "GE.Servicio.Base\GE.Servicio.Base.csproj", "{A4CAC223-A87D-4718-8BC9-3BF46C3D3BC1}"
EndProject
Project("{9A19103F-16F7-4668-BE54-9A1E7A4F7556}") = "GE.Presentacion.GymEvolution", "GE.Presentacion.GymEvolution\GE.Presentacion.GymEvolution.csproj", "{30789FC1-E84B-4F98-BD0E-B1C8B1375F41}"
EndProject
Project("{FAE04EC0-301F-11D3-BF4B-00C04F79EFBC}") = "GE.Servicio.DatosEstaticos", "GE.Servicio.DatosEstaticos\GE.Servicio.DatosEstaticos.csproj", "{B9E892D6-6A4A-48AC-B88E-BC9970188FB8}"
EndProject
Global
	GlobalSection(SolutionConfigurationPlatforms) = preSolution
		Debug|Any CPU = Debug|Any CPU
		Release|Any CPU = Release|Any CPU
	EndGlobalSection
	GlobalSection(ProjectConfigurationPlatforms) = postSolution
		{4AEA8D47-054A-4CD9-86C6-1C5453A6E1A9}.Debug|Any CPU.ActiveCfg = Debug|Any CPU
		{4AEA8D47-054A-4CD9-86C6-1C5453A6E1A9}.Debug|Any CPU.Build.0 = Debug|Any CPU
		{4AEA8D47-054A-4CD9-86C6-1C5453A6E1A9}.Release|Any CPU.ActiveCfg = Release|Any CPU
		{4AEA8D47-054A-4CD9-86C6-1C5453A6E1A9}.Release|Any CPU.Build.0 = Release|Any CPU
		{90019021-E6BC-467D-9D84-63F4567E42DD}.Debug|Any CPU.ActiveCfg = Debug|Any CPU
		{90019021-E6BC-467D-9D84-63F4567E42DD}.Debug|Any CPU.Build.0 = Debug|Any CPU
		{90019021-E6BC-467D-9D84-63F4567E42DD}.Release|Any CPU.ActiveCfg = Release|Any CPU
		{90019021-E6BC-467D-9D84-63F4567E42DD}.Release|Any CPU.Build.0 = Release|Any CPU
		{9B4865A1-A0F5-460D-8A2B-BF641B3FD837}.Debug|Any CPU.ActiveCfg = Debug|Any CPU
		{9B4865A1-A0F5-460D-8A2B-BF641B3FD837}.Debug|Any CPU.Build.0 = Debug|Any CPU
		{9B4865A1-A0F5-460D-8A2B-BF641B3FD837}.Release|Any CPU.ActiveCfg = Release|Any CPU
		{9B4865A1-A0F5-460D-8A2B-BF641B3FD837}.Release|Any CPU.Build.0 = Release|Any CPU
		{F43222C2-DAA3-4483-BFB3-27490919B310}.Debug|Any CPU.ActiveCfg = Debug|Any CPU
		{F43222C2-DAA3-4483-BFB3-27490919B310}.Debug|Any CPU.Build.0 = Debug|Any CPU
		{F43222C2-DAA3-4483-BFB3-27490919B310}.Release|Any CPU.ActiveCfg = Release|Any CPU
		{F43222C2-DAA3-4483-BFB3-27490919B310}.Release|Any CPU.Build.0 = Release|Any CPU
		{D3F8762E-7F30-4903-9557-367FDC84D4E6}.Debug|Any CPU.ActiveCfg = Debug|Any CPU
		{D3F8762E-7F30-4903-9557-367FDC84D4E6}.Debug|Any CPU.Build.0 = Debug|Any CPU
		{D3F8762E-7F30-4903-9557-367FDC84D4E6}.Release|Any CPU.ActiveCfg = Release|Any CPU
		{D3F8762E-7F30-4903-9557-367FDC84D4E6}.Release|Any CPU.Build.0 = Release|Any CPU
		{D5ECB0E5-75B2-4901-9818-3CB75107FE28}.Debug|Any CPU.ActiveCfg = Debug|Any CPU
		{D5ECB0E5-75B2-4901-9818-3CB75107FE28}.Debug|Any CPU.Build.0 = Debug|Any CPU
		{D5ECB0E5-75B2-4901-9818-3CB75107FE28}.Release|Any CPU.ActiveCfg = Release|Any CPU
		{D5ECB0E5-75B2-4901-9818-3CB75107FE28}.Release|Any CPU.Build.0 = Release|Any CPU
		{BD454EC4-03F3-411C-9B2D-664E62F51D66}.Debug|Any CPU.ActiveCfg = Debug|Any CPU
		{BD454EC4-03F3-411C-9B2D-664E62F51D66}.Debug|Any CPU.Build.0 = Debug|Any CPU
		{BD454EC4-03F3-411C-9B2D-664E62F51D66}.Release|Any CPU.ActiveCfg = Release|Any CPU
		{BD454EC4-03F3-411C-9B2D-664E62F51D66}.Release|Any CPU.Build.0 = Release|Any CPU
		{2E376EDF-61F9-4735-90B5-82815ED5516A}.Debug|Any CPU.ActiveCfg = Debug|Any CPU
		{2E376EDF-61F9-4735-90B5-82815ED5516A}.Debug|Any CPU.Build.0 = Debug|Any CPU
		{2E376EDF-61F9-4735-90B5-82815ED5516A}.Release|Any CPU.ActiveCfg = Release|Any CPU
		{2E376EDF-61F9-4735-90B5-82815ED5516A}.Release|Any CPU.Build.0 = Release|Any CPU
		{C66CF742-9D45-4605-8CA0-0C37BE44B550}.Debug|Any CPU.ActiveCfg = Debug|Any CPU
		{C66CF742-9D45-4605-8CA0-0C37BE44B550}.Debug|Any CPU.Build.0 = Debug|Any CPU
		{C66CF742-9D45-4605-8CA0-0C37BE44B550}.Release|Any CPU.ActiveCfg = Release|Any CPU
		{C66CF742-9D45-4605-8CA0-0C37BE44B550}.Release|Any CPU.Build.0 = Release|Any CPU
		{27C6D855-DCE8-4102-B4A4-681862934D99}.Debug|Any CPU.ActiveCfg = Debug|Any CPU
		{27C6D855-DCE8-4102-B4A4-681862934D99}.Debug|Any CPU.Build.0 = Debug|Any CPU
		{27C6D855-DCE8-4102-B4A4-681862934D99}.Release|Any CPU.ActiveCfg = Release|Any CPU
		{27C6D855-DCE8-4102-B4A4-681862934D99}.Release|Any CPU.Build.0 = Release|Any CPU
		{A4CAC223-A87D-4718-8BC9-3BF46C3D3BC1}.Debug|Any CPU.ActiveCfg = Debug|Any CPU
		{A4CAC223-A87D-4718-8BC9-3BF46C3D3BC1}.Debug|Any CPU.Build.0 = Debug|Any CPU
		{A4CAC223-A87D-4718-8BC9-3BF46C3D3BC1}.Release|Any CPU.ActiveCfg = Release|Any CPU
		{A4CAC223-A87D-4718-8BC9-3BF46C3D3BC1}.Release|Any CPU.Build.0 = Release|Any CPU
		{30789FC1-E84B-4F98-BD0E-B1C8B1375F41}.Debug|Any CPU.ActiveCfg = Debug|Any CPU
		{30789FC1-E84B-4F98-BD0E-B1C8B1375F41}.Debug|Any CPU.Build.0 = Debug|Any CPU
		{30789FC1-E84B-4F98-BD0E-B1C8B1375F41}.Release|Any CPU.ActiveCfg = Release|Any CPU
		{30789FC1-E84B-4F98-BD0E-B1C8B1375F41}.Release|Any CPU.Build.0 = Release|Any CPU
		{B9E892D6-6A4A-48AC-B88E-BC9970188FB8}.Debug|Any CPU.ActiveCfg = Debug|Any CPU
		{B9E892D6-6A4A-48AC-B88E-BC9970188FB8}.Debug|Any CPU.Build.0 = Debug|Any CPU
		{B9E892D6-6A4A-48AC-B88E-BC9970188FB8}.Release|Any CPU.ActiveCfg = Release|Any CPU
		{B9E892D6-6A4A-48AC-B88E-BC9970188FB8}.Release|Any CPU.Build.0 = Release|Any CPU
	EndGlobalSection
	GlobalSection(SolutionProperties) = preSolution
		HideSolutionNode = FALSE
	EndGlobalSection
	GlobalSection(NestedProjects) = preSolution
		{4AEA8D47-054A-4CD9-86C6-1C5453A6E1A9} = {B2F75B06-BEE1-4234-BDEA-F86D5B9BD563}
		{90019021-E6BC-467D-9D84-63F4567E42DD} = {2958EFD1-3B50-4DB8-9886-FE10C93C81C2}
		{9B4865A1-A0F5-460D-8A2B-BF641B3FD837} = {2958EFD1-3B50-4DB8-9886-FE10C93C81C2}
		{F43222C2-DAA3-4483-BFB3-27490919B310} = {5D17DC76-15D0-4262-833F-4886DB77089B}
		{D3F8762E-7F30-4903-9557-367FDC84D4E6} = {2958EFD1-3B50-4DB8-9886-FE10C93C81C2}
		{D5ECB0E5-75B2-4901-9818-3CB75107FE28} = {5D17DC76-15D0-4262-833F-4886DB77089B}
		{BD454EC4-03F3-411C-9B2D-664E62F51D66} = {0A95EE54-A0A3-438B-A355-20D035C5E0DA}
		{2E376EDF-61F9-4735-90B5-82815ED5516A} = {0A95EE54-A0A3-438B-A355-20D035C5E0DA}
		{C66CF742-9D45-4605-8CA0-0C37BE44B550} = {2958EFD1-3B50-4DB8-9886-FE10C93C81C2}
		{27C6D855-DCE8-4102-B4A4-681862934D99} = {5D17DC76-15D0-4262-833F-4886DB77089B}
		{A4CAC223-A87D-4718-8BC9-3BF46C3D3BC1} = {0A95EE54-A0A3-438B-A355-20D035C5E0DA}
		{30789FC1-E84B-4F98-BD0E-B1C8B1375F41} = {F6D24094-C09A-4004-A088-74489414195C}
		{B9E892D6-6A4A-48AC-B88E-BC9970188FB8} = {0A95EE54-A0A3-438B-A355-20D035C5E0DA}
	EndGlobalSection
	GlobalSection(ExtensibilityGlobals) = postSolution
		SolutionGuid = {AEF20E3E-3C3F-4F2C-9931-B5CE263773F0}
	EndGlobalSection
EndGlobal
